
Microsoft Visual Studio Solution File, Format Version 12.00
# Visual Studio 15
VisualStudioVersion = 15.0.27703.2026
MinimumVisualStudioVersion = 10.0.40219.1
Project("{FAE04EC0-301F-11D3-BF4B-00C04F79EFBC}") = "CKRUT4E", "CKRUT4E\CKRUT4E.csproj", "{9C35054B-0D20-41BB-9500-28EB3A94B489}"
EndProject
Global
	GlobalSection(SolutionConfigurationPlatforms) = preSolution
		Debug|Any CPU = Debug|Any CPU
		Release|Any CPU = Release|Any CPU
	EndGlobalSection
	GlobalSection(ProjectConfigurationPlatforms) = postSolution
		{9C35054B-0D20-41BB-9500-28EB3A94B489}.Debug|Any CPU.ActiveCfg = Debug|Any CPU
		{9C35054B-0D20-41BB-9500-28EB3A94B489}.Debug|Any CPU.Build.0 = Debug|Any CPU
		{9C35054B-0D20-41BB-9500-28EB3A94B489}.Release|Any CPU.ActiveCfg = Release|Any CPU
		{9C35054B-0D20-41BB-9500-28EB3A94B489}.Release|Any CPU.Build.0 = Release|Any CPU
	EndGlobalSection
	GlobalSection(SolutionProperties) = preSolution
		HideSolutionNode = FALSE
	EndGlobalSection
	GlobalSection(ExtensibilityGlobals) = postSolution
		SolutionGuid = {F9159CE5-6482-46B5-8FA8-B8B3201D702E}
	EndGlobalSection
EndGlobal
